
Microsoft Visual Studio Solution File, Format Version 12.00
# Visual Studio Version 17
VisualStudioVersion = 17.6.33815.320
MinimumVisualStudioVersion = 10.0.40219.1
Project("{9A19103F-16F7-4668-BE54-9A1E7A4F7556}") = "DVLA", "DVLA\DVLA.csproj", "{8E8BE72B-E1CB-4142-A3DB-B3D0659F270A}"
EndProject
Project("{9A19103F-16F7-4668-BE54-9A1E7A4F7556}") = "RegistrationRecord", "RegistrationRecord\RegistrationRecord.csproj", "{603CFCDE-15FA-44EB-91E8-397200DA8C8F}"
EndProject
Project("{FAE04EC0-301F-11D3-BF4B-00C04F79EFBC}") = "TestRegistrationRecord", "TestRegistrationRecord\TestRegistrationRecord.csproj", "{C6091E76-E3FC-48D0-9392-72FF0E66CD43}"
EndProject
Global
	GlobalSection(SolutionConfigurationPlatforms) = preSolution
		Debug|Any CPU = Debug|Any CPU
		Release|Any CPU = Release|Any CPU
	EndGlobalSection
	GlobalSection(ProjectConfigurationPlatforms) = postSolution
		{8E8BE72B-E1CB-4142-A3DB-B3D0659F270A}.Debug|Any CPU.ActiveCfg = Debug|Any CPU
		{8E8BE72B-E1CB-4142-A3DB-B3D0659F270A}.Debug|Any CPU.Build.0 = Debug|Any CPU
		{8E8BE72B-E1CB-4142-A3DB-B3D0659F270A}.Release|Any CPU.ActiveCfg = Release|Any CPU
		{8E8BE72B-E1CB-4142-A3DB-B3D0659F270A}.Release|Any CPU.Build.0 = Release|Any CPU
		{603CFCDE-15FA-44EB-91E8-397200DA8C8F}.Debug|Any CPU.ActiveCfg = Debug|Any CPU
		{603CFCDE-15FA-44EB-91E8-397200DA8C8F}.Debug|Any CPU.Build.0 = Debug|Any CPU
		{603CFCDE-15FA-44EB-91E8-397200DA8C8F}.Release|Any CPU.ActiveCfg = Release|Any CPU
		{603CFCDE-15FA-44EB-91E8-397200DA8C8F}.Release|Any CPU.Build.0 = Release|Any CPU
		{C6091E76-E3FC-48D0-9392-72FF0E66CD43}.Debug|Any CPU.ActiveCfg = Debug|Any CPU
		{C6091E76-E3FC-48D0-9392-72FF0E66CD43}.Debug|Any CPU.Build.0 = Debug|Any CPU
		{C6091E76-E3FC-48D0-9392-72FF0E66CD43}.Release|Any CPU.ActiveCfg = Release|Any CPU
		{C6091E76-E3FC-48D0-9392-72FF0E66CD43}.Release|Any CPU.Build.0 = Release|Any CPU
	EndGlobalSection
	GlobalSection(SolutionProperties) = preSolution
		HideSolutionNode = FALSE
	EndGlobalSection
	GlobalSection(ExtensibilityGlobals) = postSolution
		SolutionGuid = {BF06DC44-B3CB-4DEE-BACE-A5A5866990C2}
	EndGlobalSection
EndGlobal
